Microsoft Visual Studio Solution File, Format Version 12.00
# Visual Studio Version 17
VisualStudioVersion = 17.5.2.0
MinimumVisualStudioVersion = 10.0.40219.1
Project("{FAE04EC0-301F-11D3-BF4B-00C04F79EFBC}") = "Jogo-Pedra-papel-Tesoura", "Jogo-Pedra-papel-Tesoura.csproj", "{B76D9ED9-DDB9-3176-6273-EEC64E6E20F9}"
EndProject
Global
	GlobalSection(SolutionConfigurationPlatforms) = preSolution
		Debug|Any CPU = Debug|Any CPU
		Release|Any CPU = Release|Any CPU
	EndGlobalSection
	GlobalSection(ProjectConfigurationPlatforms) = postSolution
		{B76D9ED9-DDB9-3176-6273-EEC64E6E20F9}.Debug|Any CPU.ActiveCfg = Debug|Any CPU
		{B76D9ED9-DDB9-3176-6273-EEC64E6E20F9}.Debug|Any CPU.Build.0 = Debug|Any CPU
		{B76D9ED9-DDB9-3176-6273-EEC64E6E20F9}.Release|Any CPU.ActiveCfg = Release|Any CPU
		{B76D9ED9-DDB9-3176-6273-EEC64E6E20F9}.Release|Any CPU.Build.0 = Release|Any CPU
	EndGlobalSection
	GlobalSection(SolutionProperties) = preSolution
		HideSolutionNode = FALSE
	EndGlobalSection
	GlobalSection(ExtensibilityGlobals) = postSolution
		SolutionGuid = {E948ACB9-D117-415D-9590-8AA4E1FB2EF9}
	EndGlobalSection
EndGlobal
